{
  "nodes": {
    "cargo2nix": {
      "flake": false,
      "locked": {
        "lastModified": 1633277559,
        "narHash": "sha256-6PQV/wioP6rNfFn4g1hrOy1yiULM3PogdQl3SaZtR38=",
        "owner": "cargo2nix",
        "repo": "cargo2nix",
        "rev": "381f9760d471bc07925d13ac924b0a1bb86d78a5",
        "type": "github"
      },
      "original": {
        "owner": "cargo2nix",
        "repo": "cargo2nix",
        "type": "github"
      }
    },
    "flake-utils": {
      "locked": {
        "lastModified": 1631561581,
        "narHash": "sha256-3VQMV5zvxaVLvqqUrNz3iJelLw30mIVSfZmAaauM3dA=",
        "owner": "numtide",
        "repo": "flake-utils",
        "rev": "7e5bf3925f6fbdfaf50a2a7ca0be2879c4261d19",
        "type": "github"
      },
      "original": {
        "owner": "numtide",
        "repo": "flake-utils",
        "type": "github"
      }
    },
    "flake-utils_2": {
      "locked": {
        "lastModified": 1623875721,
        "narHash": "sha256-A8BU7bjS5GirpAUv4QA+QnJ4CceLHkcXdRp4xITDB0s=",
        "owner": "numtide",
        "repo": "flake-utils",
        "rev": "f7e004a55b120c02ecb6219596820fcd32ca8772",
        "type": "github"
      },
      "original": {
        "owner": "numtide",
        "repo": "flake-utils",
        "type": "github"
      }
    },
    "nixpkgs": {
      "locked": {
        "lastModified": 1634551044,
        "narHash": "sha256-HOHemrQt3wA7eS5YT8n+X0OdB9+X4O08YUPTrFMBG60=",
        "owner": "NixOS",
        "repo": "nixpkgs",
        "rev": "f001876680c0e32a89bced8d02d2c61250684e17",
        "type": "github"
      },
      "original": {
        "owner": "NixOS",
        "ref": "release-21.05",
        "repo": "nixpkgs",
        "type": "github"
      }
    },
    "nixpkgs_2": {
      "locked": {
        "lastModified": 1628186154,
        "narHash": "sha256-r2d0wvywFnL9z4iptztdFMhaUIAaGzrSs7kSok0PgmE=",
        "owner": "NixOS",
        "repo": "nixpkgs",
        "rev": "06552b72346632b6943c8032e57e702ea12413bf",
        "type": "github"
      },
      "original": {
        "owner": "NixOS",
        "repo": "nixpkgs",
        "type": "github"
      }
    },
    "root": {
      "inputs": {
        "cargo2nix": "cargo2nix",
        "flake-utils": "flake-utils",
        "nixpkgs": "nixpkgs",
        "rust-overlay": "rust-overlay"
      }
    },
    "rust-overlay": {
      "inputs": {
        "flake-utils": "flake-utils_2",
        "nixpkgs": "nixpkgs_2"
      },
      "locked": {
        "lastModified": 1634523597,
        "narHash": "sha256-lufdKJsyrJXVhMks53XgFHuotCKwzrBmecfMfoTcMEQ=",
        "owner": "oxalica",
        "repo": "rust-overlay",
        "rev": "c09f12c35cc9fd41d7c3628fa92526cc29fc20fa",
        "type": "github"
      },
      "original": {
        "owner": "oxalica",
        "repo": "rust-overlay",
        "type": "github"
      }
    }
  },
  "root": "root",
  "version": 7
}
